# This file is machine-generated by `gh actions-lock`.
# Do not edit by hand; run `gh actions-lock` to update.
# Docs: https://gh.io/actions-lockfile
version: 'v0.0.2'
workflows:
    '.github/workflows/actions-dependencies.yml':
        - 'actions/checkout@v7.0.1'
        - 'jessehouwing/actions-dependency-submission@v1.0.15'
    '.github/workflows/check-workflow.yml':
        - 'actions/checkout@v7.0.1'
        - 'actions/create-github-app-token@v3.2.0'
        - 'step-security/harden-runner@v2.20.0'
    '.github/workflows/ci-tests.yml':
        - 'actions/checkout@v7.0.1'
        - 'step-security/harden-runner@v2.20.0'
    '.github/workflows/dependency-review.yml':
        - 'actions/checkout@v7.0.1'
        - 'actions/dependency-review-action@v5.0.0'
        - 'step-security/harden-runner@v2.20.0'
    '.github/workflows/init-workflow.yml':
        - 'actions/checkout@v7.0.1'
        - 'actions/create-github-app-token@v3.2.0'
        - 'step-security/harden-runner@v2.20.0'
    '.github/workflows/new-issue-notification.yml':
        - 'actions/checkout@v7.0.1'
        - 'actions/create-github-app-token@v3.2.0'
        - 'devops-actions/issue-comment-tag@v0.1.10'
        - 'step-security/harden-runner@v2.20.0'
    '.github/workflows/psscriptanalyzer.yml':
        - 'actions/checkout@v7.0.1'
        - 'github/codeql-action@v4.37.3'
        - 'microsoft/psscriptanalyzer-action@v1.1'
        - 'step-security/harden-runner@v2.20.0'
    '.github/workflows/scorecards.yml':
        - 'actions/checkout@v7.0.1'
        - 'actions/upload-artifact@v7.0.1'
        - 'github/codeql-action@v4.37.3'
        - 'ossf/scorecard-action@v2.4.4'
        - 'step-security/harden-runner@v2.20.0'
    '.github/workflows/update-workflow.yml':
        - 'actions/checkout@v7.0.1'
        - 'actions/create-github-app-token@v3.2.0'
        - 'step-security/harden-runner@v2.20.0'
dependencies:
    'actions/checkout@v7.0.1':
        ref: 'v7.0.1'
        commit: 'sha1-3d3c42e5aac5ba805825da76410c181273ba90b1'
        owner_id: 44036562
        repo_id: 197814629
    'actions/create-github-app-token@v3.2.0':
        ref: 'v3.2.0'
        commit: 'sha1-bcd2ba49218906704ab6c1aa796996da409d3eb1'
        owner_id: 44036562
        repo_id: 642580244
    'actions/dependency-review-action@v5.0.0':
        ref: 'v5.0.0'
        commit: 'sha1-a1d282b36b6f3519aa1f3fc636f609c47dddb294'
        owner_id: 44036562
        repo_id: 476372928
    'actions/upload-artifact@v7.0.1':
        ref: 'v7.0.1'
        commit: 'sha1-043fb46d1a93c77aae656e7c1c64a875d1fc6a0a'
        owner_id: 44036562
        repo_id: 192625955
    'devops-actions/issue-comment-tag@v0.1.10':
        ref: 'v0.1.10'
        commit: 'sha1-3a605c5f21e15e5b963c866421bf4189bcc32310'
        owner_id: 94139416
        repo_id: 426154287
    'github/codeql-action@v4.37.3':
        ref: 'v4.37.3'
        commit: 'sha1-e4fba868fa4b1b91e1fdab776edc8cfbe6e9fb81'
        owner_id: 9919
        repo_id: 259445878
    'jessehouwing/actions-dependency-submission@v1.0.15':
        ref: 'v1.0.15'
        commit: 'sha1-d4ed9fd03b1c91e31a62d9a4095440128ec1316b'
        owner_id: 4173387
        repo_id: 1109249632
    'microsoft/psscriptanalyzer-action@v1.1':
        ref: 'v1.1'
        commit: 'sha1-6b2948b1944407914a58661c49941824d149734f'
        owner_id: 6154722
        repo_id: 359990355
    'ossf/scorecard-action@v2.4.4':
        ref: 'v2.4.4'
        commit: 'sha1-2d1146689b8cda280b9bc96326124645441f03bc'
        owner_id: 67707773
        repo_id: 421101922
    'step-security/harden-runner@v2.20.0':
        ref: 'v2.20.0'
        commit: 'sha1-bf7454d06d71f1098171f2acdf0cd4708d7b5920'
        owner_id: 88700172
        repo_id: 422287306
